
Microsoft Visual Studio Solution File, Format Version 12.00
# Visual Studio 2013
VisualStudioVersion = 12.0.31101.0
MinimumVisualStudioVersion = 10.0.40219.1
Project("{FAE04EC0-301F-11D3-BF4B-00C04F79EFBC}") = "VM_Model", "VM_Model\VM_Model.csproj", "{B951F2D6-AD67-4485-87DF-33E25AF7CBFB}"
EndProject
Project("{FAE04EC0-301F-11D3-BF4B-00C04F79EFBC}") = "VMUtils", "VMUtils\VMUtils.csproj", "{5D33933D-0695-4593-BF94-A2983B7CC132}"
EndProject
Project("{FAE04EC0-301F-11D3-BF4B-00C04F79EFBC}") = "VMUtils_Tests", "VMTests\VMUtils_Tests.csproj", "{57079D76-1FEA-4282-8216-638ABE5F0FB3}"
EndProject
Project("{FAE04EC0-301F-11D3-BF4B-00C04F79EFBC}") = "VM_Main", "VM_Main\VM_Main.csproj", "{3466077E-F00F-4C9B-A0E8-D326A92C2DF2}"
EndProject
Project("{FAE04EC0-301F-11D3-BF4B-00C04F79EFBC}") = "VM_ScenarioEditor", "VM_ScenarioEditor\VM_ScenarioEditor.csproj", "{99594F23-DB41-4E8F-99AF-C836981EAA88}"
EndProject
Project("{2150E333-8FDC-42A3-9474-1A3956D46DE8}") = ".nuget", ".nuget", "{BADBDAB1-60E9-49B8-A2F6-6FDA70A8BE23}"
	ProjectSection(SolutionItems) = preProject
		.nuget\NuGet.Config = .nuget\NuGet.Config
		.nuget\NuGet.exe = .nuget\NuGet.exe
		.nuget\NuGet.targets = .nuget\NuGet.targets
	EndProjectSection
EndProject
Project("{FAE04EC0-301F-11D3-BF4B-00C04F79EFBC}") = "VM_FormUtils", "VM_FormUtils\VM_FormUtils.csproj", "{0FDA9128-304E-435E-8FA1-57A833DF0594}"
EndProject
Project("{2150E333-8FDC-42A3-9474-1A3956D46DE8}") = ".UnitTests", ".UnitTests", "{AA42F229-F9F0-440C-B42A-EE089B195CE2}"
EndProject
Project("{FAE04EC0-301F-11D3-BF4B-00C04F79EFBC}") = "VM_ScenarioEditorTest", "VM_ScenarioEditorTest\VM_ScenarioEditorTest.csproj", "{066BF8F4-B6D2-4650-993A-71511446E822}"
EndProject
Project("{FAE04EC0-301F-11D3-BF4B-00C04F79EFBC}") = "VM.Main.Web", "VM.Main.Web\VM.Main.Web.csproj", "{B462E867-B46D-4914-9E7E-1F030AEE7A60}"
EndProject
Project("{FAE04EC0-301F-11D3-BF4B-00C04F79EFBC}") = "VM.Main.Api", "VM.Main.Api\VM.Main.Api.csproj", "{5C76C624-82EF-4990-912F-B74CA31F05D2}"
EndProject
Global
	GlobalSection(SolutionConfigurationPlatforms) = preSolution
		Debug|Any CPU = Debug|Any CPU
		Release|Any CPU = Release|Any CPU
	EndGlobalSection
	GlobalSection(ProjectConfigurationPlatforms) = postSolution
		{B951F2D6-AD67-4485-87DF-33E25AF7CBFB}.Debug|Any CPU.ActiveCfg = Debug|Any CPU
		{B951F2D6-AD67-4485-87DF-33E25AF7CBFB}.Debug|Any CPU.Build.0 = Debug|Any CPU
		{B951F2D6-AD67-4485-87DF-33E25AF7CBFB}.Release|Any CPU.ActiveCfg = Release|Any CPU
		{B951F2D6-AD67-4485-87DF-33E25AF7CBFB}.Release|Any CPU.Build.0 = Release|Any CPU
		{5D33933D-0695-4593-BF94-A2983B7CC132}.Debug|Any CPU.ActiveCfg = Debug|Any CPU
		{5D33933D-0695-4593-BF94-A2983B7CC132}.Debug|Any CPU.Build.0 = Debug|Any CPU
		{5D33933D-0695-4593-BF94-A2983B7CC132}.Release|Any CPU.ActiveCfg = Release|Any CPU
		{5D33933D-0695-4593-BF94-A2983B7CC132}.Release|Any CPU.Build.0 = Release|Any CPU
		{57079D76-1FEA-4282-8216-638ABE5F0FB3}.Debug|Any CPU.ActiveCfg = Debug|Any CPU
		{57079D76-1FEA-4282-8216-638ABE5F0FB3}.Debug|Any CPU.Build.0 = Debug|Any CPU
		{57079D76-1FEA-4282-8216-638ABE5F0FB3}.Release|Any CPU.ActiveCfg = Release|Any CPU
		{57079D76-1FEA-4282-8216-638ABE5F0FB3}.Release|Any CPU.Build.0 = Release|Any CPU
		{3466077E-F00F-4C9B-A0E8-D326A92C2DF2}.Debug|Any CPU.ActiveCfg = Debug|Any CPU
		{3466077E-F00F-4C9B-A0E8-D326A92C2DF2}.Debug|Any CPU.Build.0 = Debug|Any CPU
		{3466077E-F00F-4C9B-A0E8-D326A92C2DF2}.Release|Any CPU.ActiveCfg = Release|Any CPU
		{3466077E-F00F-4C9B-A0E8-D326A92C2DF2}.Release|Any CPU.Build.0 = Release|Any CPU
		{99594F23-DB41-4E8F-99AF-C836981EAA88}.Debug|Any CPU.ActiveCfg = Debug|Any CPU
		{99594F23-DB41-4E8F-99AF-C836981EAA88}.Debug|Any CPU.Build.0 = Debug|Any CPU
		{99594F23-DB41-4E8F-99AF-C836981EAA88}.Release|Any CPU.ActiveCfg = Release|Any CPU
		{99594F23-DB41-4E8F-99AF-C836981EAA88}.Release|Any CPU.Build.0 = Release|Any CPU
		{0FDA9128-304E-435E-8FA1-57A833DF0594}.Debug|Any CPU.ActiveCfg = Debug|Any CPU
		{0FDA9128-304E-435E-8FA1-57A833DF0594}.Debug|Any CPU.Build.0 = Debug|Any CPU
		{0FDA9128-304E-435E-8FA1-57A833DF0594}.Release|Any CPU.ActiveCfg = Release|Any CPU
		{0FDA9128-304E-435E-8FA1-57A833DF0594}.Release|Any CPU.Build.0 = Release|Any CPU
		{066BF8F4-B6D2-4650-993A-71511446E822}.Debug|Any CPU.ActiveCfg = Debug|Any CPU
		{066BF8F4-B6D2-4650-993A-71511446E822}.Debug|Any CPU.Build.0 = Debug|Any CPU
		{066BF8F4-B6D2-4650-993A-71511446E822}.Release|Any CPU.ActiveCfg = Release|Any CPU
		{066BF8F4-B6D2-4650-993A-71511446E822}.Release|Any CPU.Build.0 = Release|Any CPU
		{B462E867-B46D-4914-9E7E-1F030AEE7A60}.Debug|Any CPU.ActiveCfg = Debug|Any CPU
		{B462E867-B46D-4914-9E7E-1F030AEE7A60}.Debug|Any CPU.Build.0 = Debug|Any CPU
		{B462E867-B46D-4914-9E7E-1F030AEE7A60}.Release|Any CPU.ActiveCfg = Release|Any CPU
		{B462E867-B46D-4914-9E7E-1F030AEE7A60}.Release|Any CPU.Build.0 = Release|Any CPU
		{5C76C624-82EF-4990-912F-B74CA31F05D2}.Debug|Any CPU.ActiveCfg = Debug|Any CPU
		{5C76C624-82EF-4990-912F-B74CA31F05D2}.Debug|Any CPU.Build.0 = Debug|Any CPU
		{5C76C624-82EF-4990-912F-B74CA31F05D2}.Release|Any CPU.ActiveCfg = Release|Any CPU
		{5C76C624-82EF-4990-912F-B74CA31F05D2}.Release|Any CPU.Build.0 = Release|Any CPU
	EndGlobalSection
	GlobalSection(SolutionProperties) = preSolution
		HideSolutionNode = FALSE
	EndGlobalSection
	GlobalSection(NestedProjects) = preSolution
		{57079D76-1FEA-4282-8216-638ABE5F0FB3} = {AA42F229-F9F0-440C-B42A-EE089B195CE2}
		{066BF8F4-B6D2-4650-993A-71511446E822} = {AA42F229-F9F0-440C-B42A-EE089B195CE2}
	EndGlobalSection
EndGlobal
